// !$*UTF8*$!
{
	archiveVersion = 1;
	classes = {
	};
	objectVersion = 55;
	objects = {

/* Begin PBXBuildFile section */
		5C39F1DD290BC9A600312DD4 /* MySwiftUIApp.swift in Sources */ = {isa = PBXBuildFile; fileRef = 5C39F1DC290BC9A600312DD4 /* MySwiftUIApp.swift */; };
		5C39F1DF290BC9A600312DD4 /* ContentView.swift in Sources */ = {isa = PBXBuildFile; fileRef = 5C39F1DE290BC9A600312DD4 /* ContentView.swift */; };
		5C39F1E1290BC9AB00312DD4 /* Assets.xcassets in Resources */ = {isa = PBXBuildFile; fileRef = 5C39F1E0290BC9AB00312DD4 /* Assets.xcassets */; };
		5C39F1E4290BC9AB00312DD4 /* Preview Assets.xcassets in Resources */ = {isa = PBXBuildFile; fileRef = 5C39F1E3290BC9AB00312DD4 /* Preview Assets.xcassets */; };
		5C39F1EB290BD90100312DD4 /* CircleImage.swift in Sources */ = {isa = PBXBuildFile; fileRef = 5C39F1EA290BD90100312DD4 /* CircleImage.swift */; };
		5C39F1ED290BE4CF00312DD4 /* LoginView.swift in Sources */ = {isa = PBXBuildFile; fileRef = 5C39F1EC290BE4CF00312DD4 /* LoginView.swift */; };
		F14A91112911056700331D7B /* LoginViewModel.swift in Sources */ = {isa = PBXBuildFile; fileRef = F14A91102911056700331D7B /* LoginViewModel.swift */; };
		F14A91152911063E00331D7B /* LoginRepository.swift in Sources */ = {isa = PBXBuildFile; fileRef = F14A91142911063E00331D7B /* LoginRepository.swift */; };
		F14A9118291106DF00331D7B /* LoginModel.swift in Sources */ = {isa = PBXBuildFile; fileRef = F14A9117291106DF00331D7B /* LoginModel.swift */; };
		F14A911B29112C6600331D7B /* ApiService.swift in Sources */ = {isa = PBXBuildFile; fileRef = F14A911A29112C6600331D7B /* ApiService.swift */; };
		F14A912229113D7D00331D7B /* Roboto-Medium.ttf in Resources */ = {isa = PBXBuildFile; fileRef = F14A911D29113D7D00331D7B /* Roboto-Medium.ttf */; };
		F14A912329113D7D00331D7B /* Roboto-Bold.ttf in Resources */ = {isa = PBXBuildFile; fileRef = F14A911E29113D7D00331D7B /* Roboto-Bold.ttf */; };
		F14A912429113D7D00331D7B /* Roboto-Thin.ttf in Resources */ = {isa = PBXBuildFile; fileRef = F14A911F29113D7D00331D7B /* Roboto-Thin.ttf */; };
		F14A912529113D7D00331D7B /* Roboto-Light.ttf in Resources */ = {isa = PBXBuildFile; fileRef = F14A912029113D7D00331D7B /* Roboto-Light.ttf */; };
		F14A912629113D7D00331D7B /* Roboto-Regular.ttf in Resources */ = {isa = PBXBuildFile; fileRef = F14A912129113D7D00331D7B /* Roboto-Regular.ttf */; };
		F14A91982911504500331D7B /* ColorExtension.swift in Sources */ = {isa = PBXBuildFile; fileRef = F14A91972911504500331D7B /* ColorExtension.swift */; };
		F14A919C2911727300331D7B /* LoginSample1.swift in Sources */ = {isa = PBXBuildFile; fileRef = F14A919B2911727300331D7B /* LoginSample1.swift */; };
		F1B5D9E7290FDEE1002D1F7B /* GalleryView.swift in Sources */ = {isa = PBXBuildFile; fileRef = F1B5D9E6290FDEE1002D1F7B /* GalleryView.swift */; };
/* End PBXBuildFile section */

/* Begin PBXFileReference section */
		5C39F1D9290BC9A600312DD4 /* MySwiftUI.app */ = {isa = PBXFileReference; explicitFileType = wrapper.application; includeInIndex = 0; path = MySwiftUI.app; sourceTree = BUILT_PRODUCTS_DIR; };
		5C39F1DC290BC9A600312DD4 /* MySwiftUIApp.swift */ = {isa = PBXFileReference; lastKnownFileType = sourcecode.swift; path = MySwiftUIApp.swift; sourceTree = "<group>"; };
		5C39F1DE290BC9A600312DD4 /* ContentView.swift */ = {isa = PBXFileReference; lastKnownFileType = sourcecode.swift; path = ContentView.swift; sourceTree = "<group>"; };
		5C39F1E0290BC9AB00312DD4 /* Assets.xcassets */ = {isa = PBXFileReference; lastKnownFileType = folder.assetcatalog; path = Assets.xcassets; sourceTree = "<group>"; };
		5C39F1E3290BC9AB00312DD4 /* Preview Assets.xcassets */ = {isa = PBXFileReference; lastKnownFileType = folder.assetcatalog; path = "Preview Assets.xcassets"; sourceTree = "<group>"; };
		5C39F1EA290BD90100312DD4 /* CircleImage.swift */ = {isa = PBXFileReference; lastKnownFileType = sourcecode.swift; path = CircleImage.swift; sourceTree = "<group>"; };
		5C39F1EC290BE4CF00312DD4 /* LoginView.swift */ = {isa = PBXFileReference; lastKnownFileType = sourcecode.swift; path = LoginView.swift; sourceTree = "<group>"; };
		F14A91102911056700331D7B /* LoginViewModel.swift */ = {isa = PBXFileReference; lastKnownFileType = sourcecode.swift; path = LoginViewModel.swift; sourceTree = "<group>"; };
		F14A91142911063E00331D7B /* LoginRepository.swift */ = {isa = PBXFileReference; lastKnownFileType = sourcecode.swift; path = LoginRepository.swift; sourceTree = "<group>"; };
		F14A9117291106DF00331D7B /* LoginModel.swift */ = {isa = PBXFileReference; lastKnownFileType = sourcecode.swift; path = LoginModel.swift; sourceTree = "<group>"; };
		F14A911A29112C6600331D7B /* ApiService.swift */ = {isa = PBXFileReference; lastKnownFileType = sourcecode.swift; path = ApiService.swift; sourceTree = "<group>"; };
		F14A911D29113D7D00331D7B /* Roboto-Medium.ttf */ = {isa = PBXFileReference; lastKnownFileType = file; name = "Roboto-Medium.ttf"; path = "../../../../Downloads/Roboto-Medium.ttf"; sourceTree = "<group>"; };
		F14A911E29113D7D00331D7B /* Roboto-Bold.ttf */ = {isa = PBXFileReference; lastKnownFileType = file; name = "Roboto-Bold.ttf"; path = "../../../../Downloads/Roboto-Bold.ttf"; sourceTree = "<group>"; };
		F14A911F29113D7D00331D7B /* Roboto-Thin.ttf */ = {isa = PBXFileReference; lastKnownFileType = file; name = "Roboto-Thin.ttf"; path = "../../../../Downloads/Roboto-Thin.ttf"; sourceTree = "<group>"; };
		F14A912029113D7D00331D7B /* Roboto-Light.ttf */ = {isa = PBXFileReference; lastKnownFileType = file; name = "Roboto-Light.ttf"; path = "../../../../Downloads/Roboto-Light.ttf"; sourceTree = "<group>"; };
		F14A912129113D7D00331D7B /* Roboto-Regular.ttf */ = {isa = PBXFileReference; lastKnownFileType = file; name = "Roboto-Regular.ttf"; path = "../../../../Downloads/Roboto-Regular.ttf"; sourceTree = "<group>"; };
		F14A91952911407500331D7B /* Info.plist */ = {isa = PBXFileReference; lastKnownFileType = text.plist; path = Info.plist; sourceTree = "<group>"; };
		F14A91972911504500331D7B /* ColorExtension.swift */ = {isa = PBXFileReference; lastKnownFileType = sourcecode.swift; path = ColorExtension.swift; sourceTree = "<group>"; };
		F14A919B2911727300331D7B /* LoginSample1.swift */ = {isa = PBXFileReference; lastKnownFileType = sourcecode.swift; path = LoginSample1.swift; sourceTree = "<group>"; };
		F1B5D9E6290FDEE1002D1F7B /* GalleryView.swift */ = {isa = PBXFileReference; lastKnownFileType = sourcecode.swift; path = GalleryView.swift; sourceTree = "<group>"; };
/* End PBXFileReference section */

/* Begin PBXFrameworksBuildPhase section */
		5C39F1D6290BC9A600312DD4 /* Frameworks */ = {
			isa = PBXFrameworksBuildPhase;
			buildActionMask = 2147483647;
			files = (
			);
			runOnlyForDeploymentPostprocessing = 0;
		};
/* End PBXFrameworksBuildPhase section */

/* Begin PBXGroup section */
		5C39F1D0290BC9A600312DD4 = {
			isa = PBXGroup;
			children = (
				5C39F1DB290BC9A600312DD4 /* MySwiftUI */,
				5C39F1DA290BC9A600312DD4 /* Products */,
			);
			sourceTree = "<group>";
		};
		5C39F1DA290BC9A600312DD4 /* Products */ = {
			isa = PBXGroup;
			children = (
				5C39F1D9290BC9A600312DD4 /* MySwiftUI.app */,
			);
			name = Products;
			sourceTree = "<group>";
		};
		5C39F1DB290BC9A600312DD4 /* MySwiftUI */ = {
			isa = PBXGroup;
			children = (
				F14A91962911501F00331D7B /* Extensions */,
				F14A91952911407500331D7B /* Info.plist */,
				F14A911C29113D6700331D7B /* Fonts */,
				F14A911929112C4C00331D7B /* Service */,
				F14A9116291106C400331D7B /* Model */,
				F14A91122911060800331D7B /* Repositories */,
				F14A910F2911050D00331D7B /* ViewModel */,
				F14A910D291104D700331D7B /* View */,
				5C39F1E0290BC9AB00312DD4 /* Assets.xcassets */,
				5C39F1E2290BC9AB00312DD4 /* Preview Content */,
			);
			path = MySwiftUI;
			sourceTree = "<group>";
		};
		5C39F1E2290BC9AB00312DD4 /* Preview Content */ = {
			isa = PBXGroup;
			children = (
				5C39F1E3290BC9AB00312DD4 /* Preview Assets.xcassets */,
			);
			path = "Preview Content";
			sourceTree = "<group>";
		};
		F14A910D291104D700331D7B /* View */ = {
			isa = PBXGroup;
			children = (
				5C39F1DC290BC9A600312DD4 /* MySwiftUIApp.swift */,
				F1B5D9E6290FDEE1002D1F7B /* GalleryView.swift */,
				5C39F1EA290BD90100312DD4 /* CircleImage.swift */,
				5C39F1DE290BC9A600312DD4 /* ContentView.swift */,
				F14A910E291104EA00331D7B /* LoginView */,
			);
			path = View;
			sourceTree = "<group>";
		};
		F14A910E291104EA00331D7B /* LoginView */ = {
			isa = PBXGroup;
			children = (
				5C39F1EC290BE4CF00312DD4 /* LoginView.swift */,
				F14A919B2911727300331D7B /* LoginSample1.swift */,
			);
			path = LoginView;
			sourceTree = "<group>";
		};
		F14A910F2911050D00331D7B /* ViewModel */ = {
			isa = PBXGroup;
			children = (
				F14A91102911056700331D7B /* LoginViewModel.swift */,
			);
			path = ViewModel;
			sourceTree = "<group>";
		};
		F14A91122911060800331D7B /* Repositories */ = {
			isa = PBXGroup;
			children = (
				F14A91142911063E00331D7B /* LoginRepository.swift */,
			);
			path = Repositories;
			sourceTree = "<group>";
		};
		F14A9116291106C400331D7B /* Model */ = {
			isa = PBXGroup;
			children = (
				F14A9117291106DF00331D7B /* LoginModel.swift */,
			);
			path = Model;
			sourceTree = "<group>";
		};
		F14A911929112C4C00331D7B /* Service */ = {
			isa = PBXGroup;
			children = (
				F14A911A29112C6600331D7B /* ApiService.swift */,
			);
			path = Service;
			sourceTree = "<group>";
		};
		F14A911C29113D6700331D7B /* Fonts */ = {
			isa = PBXGroup;
			children = (
				F14A911E29113D7D00331D7B /* Roboto-Bold.ttf */,
				F14A912029113D7D00331D7B /* Roboto-Light.ttf */,
				F14A911D29113D7D00331D7B /* Roboto-Medium.ttf */,
				F14A912129113D7D00331D7B /* Roboto-Regular.ttf */,
				F14A911F29113D7D00331D7B /* Roboto-Thin.ttf */,
			);
			path = Fonts;
			sourceTree = "<group>";
		};
		F14A91962911501F00331D7B /* Extensions */ = {
			isa = PBXGroup;
			children = (
				F14A91972911504500331D7B /* ColorExtension.swift */,
			);
			path = Extensions;
			sourceTree = "<group>";
		};
/* End PBXGroup section */

/* Begin PBXNativeTarget section */
		5C39F1D8290BC9A600312DD4 /* MySwiftUI */ = {
			isa = PBXNativeTarget;
			buildConfigurationList = 5C39F1E7290BC9AB00312DD4 /* Build configuration list for PBXNativeTarget "MySwiftUI" */;
			buildPhases = (
				5C39F1D5290BC9A600312DD4 /* Sources */,
				5C39F1D6290BC9A600312DD4 /* Frameworks */,
				5C39F1D7290BC9A600312DD4 /* Resources */,
			);
			buildRules = (
			);
			dependencies = (
			);
			name = MySwiftUI;
			productName = MySwiftUI;
			productReference = 5C39F1D9290BC9A600312DD4 /* MySwiftUI.app */;
			productType = "com.apple.product-type.application";
		};
/* End PBXNativeTarget section */

/* Begin PBXProject section */
		5C39F1D1290BC9A600312DD4 /* Project object */ = {
			isa = PBXProject;
			attributes = {
				BuildIndependentTargetsInParallel = 1;
				LastSwiftUpdateCheck = 1330;
				LastUpgradeCheck = 1330;
				TargetAttributes = {
					5C39F1D8290BC9A600312DD4 = {
						CreatedOnToolsVersion = 13.3;
					};
				};
			};
			buildConfigurationList = 5C39F1D4290BC9A600312DD4 /* Build configuration list for PBXProject "MySwiftUI" */;
			compatibilityVersion = "Xcode 13.0";
			developmentRegion = en;
			hasScannedForEncodings = 0;
			knownRegions = (
				en,
				Base,
			);
			mainGroup = 5C39F1D0290BC9A600312DD4;
			productRefGroup = 5C39F1DA290BC9A600312DD4 /* Products */;
			projectDirPath = "";
			projectRoot = "";
			targets = (
				5C39F1D8290BC9A600312DD4 /* MySwiftUI */,
			);
		};
/* End PBXProject section */

/* Begin PBXResourcesBuildPhase section */
		5C39F1D7290BC9A600312DD4 /* Resources */ = {
			isa = PBXResourcesBuildPhase;
			buildActionMask = 2147483647;
			files = (
				5C39F1E4290BC9AB00312DD4 /* Preview Assets.xcassets in Resources */,
				F14A912629113D7D00331D7B /* Roboto-Regular.ttf in Resources */,
				5C39F1E1290BC9AB00312DD4 /* Assets.xcassets in Resources */,
				F14A912529113D7D00331D7B /* Roboto-Light.ttf in Resources */,
				F14A912329113D7D00331D7B /* Roboto-Bold.ttf in Resources */,
				F14A912429113D7D00331D7B /* Roboto-Thin.ttf in Resources */,
				F14A912229113D7D00331D7B /* Roboto-Medium.ttf in Resources */,
			);
			runOnlyForDeploymentPostprocessing = 0;
		};
/* End PBXResourcesBuildPhase section */

/* Begin PBXSourcesBuildPhase section */
		5C39F1D5290BC9A600312DD4 /* Sources */ = {
			isa = PBXSourcesBuildPhase;
			buildActionMask = 2147483647;
			files = (
				5C39F1DF290BC9A600312DD4 /* ContentView.swift in Sources */,
				5C39F1DD290BC9A600312DD4 /* MySwiftUIApp.swift in Sources */,
				F14A91112911056700331D7B /* LoginViewModel.swift in Sources */,
				F14A91152911063E00331D7B /* LoginRepository.swift in Sources */,
				5C39F1ED290BE4CF00312DD4 /* LoginView.swift in Sources */,
				F14A911B29112C6600331D7B /* ApiService.swift in Sources */,
				F14A9118291106DF00331D7B /* LoginModel.swift in Sources */,
				5C39F1EB290BD90100312DD4 /* CircleImage.swift in Sources */,
				F1B5D9E7290FDEE1002D1F7B /* GalleryView.swift in Sources */,
				F14A919C2911727300331D7B /* LoginSample1.swift in Sources */,
				F14A91982911504500331D7B /* ColorExtension.swift in Sources */,
			);
			runOnlyForDeploymentPostprocessing = 0;
		};
/* End PBXSourcesBuildPhase section */

/* Begin XCBuildConfiguration section */
		5C39F1E5290BC9AB00312DD4 /* Debug */ = {
			isa = XCBuildConfiguration;
			buildSettings = {
				ALWAYS_SEARCH_USER_PATHS = NO;
				CLANG_ANALYZER_NONNULL = YES;
				CLANG_ANALYZER_NUMBER_OBJECT_CONVERSION = YES_AGGRESSIVE;
				CLANG_CXX_LANGUAGE_STANDARD = "gnu++17";
				CLANG_ENABLE_MODULES = YES;
				CLANG_ENABLE_OBJC_ARC = YES;
				CLANG_ENABLE_OBJC_WEAK = YES;
				CLANG_WARN_BLOCK_CAPTURE_AUTORELEASING = YES;
				CLANG_WARN_BOOL_CONVERSION = YES;
				CLANG_WARN_COMMA = YES;
				CLANG_WARN_CONSTANT_CONVERSION = YES;
				CLANG_WARN_DEPRECATED_OBJC_IMPLEMENTATIONS = YES;
				CLANG_WARN_DIRECT_OBJC_ISA_USAGE = YES_ERROR;
				CLANG_WARN_DOCUMENTATION_COMMENTS = YES;
				CLANG_WARN_EMPTY_BODY = YES;
				CLANG_WARN_ENUM_CONVERSION = YES;
				CLANG_WARN_INFINITE_RECURSION = YES;
				CLANG_WARN_INT_CONVERSION = YES;
				CLANG_WARN_NON_LITERAL_NULL_CONVERSION = YES;
				CLANG_WARN_OBJC_IMPLICIT_RETAIN_SELF = YES;
				CLANG_WARN_OBJC_LITERAL_CONVERSION = YES;
				CLANG_WARN_OBJC_ROOT_CLASS = YES_ERROR;
				CLANG_WARN_QUOTED_INCLUDE_IN_FRAMEWORK_HEADER = YES;
				CLANG_WARN_RANGE_LOOP_ANALYSIS = YES;
				CLANG_WARN_STRICT_PROTOTYPES = YES;
				CLANG_WARN_SUSPICIOUS_MOVE = YES;
				CLANG_WARN_UNGUARDED_AVAILABILITY = YES_AGGRESSIVE;
				CLANG_WARN_UNREACHABLE_CODE = YES;
				CLANG_WARN__DUPLICATE_METHOD_MATCH = YES;
				COPY_PHASE_STRIP = NO;
				DEBUG_INFORMATION_FORMAT = dwarf;
				ENABLE_STRICT_OBJC_MSGSEND = YES;
				ENABLE_TESTABILITY = YES;
				GCC_C_LANGUAGE_STANDARD = gnu11;
				GCC_DYNAMIC_NO_PIC = NO;
				GCC_NO_COMMON_BLOCKS = YES;
				GCC_OPTIMIZATION_LEVEL = 0;
				GCC_PREPROCESSOR_DEFINITIONS = (
					"DEBUG=1",
					"$(inherited)",
				);
				GCC_WARN_64_TO_32_BIT_CONVERSION = YES;
				GCC_WARN_ABOUT_RETURN_TYPE = YES_ERROR;
				GCC_WARN_UNDECLARED_SELECTOR = YES;
				GCC_WARN_UNINITIALIZED_AUTOS = YES_AGGRESSIVE;
				GCC_WARN_UNUSED_FUNCTION = YES;
				GCC_WARN_UNUSED_VARIABLE = YES;
				IPHONEOS_DEPLOYMENT_TARGET = 15.4;
				MTL_ENABLE_DEBUG_INFO = INCLUDE_SOURCE;
				MTL_FAST_MATH = YES;
				ONLY_ACTIVE_ARCH = YES;
				SDKROOT = iphoneos;
				SWIFT_ACTIVE_COMPILATION_CONDITIONS = DEBUG;
				SWIFT_OPTIMIZATION_LEVEL = "-Onone";
			};
			name = Debug;
		};
		5C39F1E6290BC9AB00312DD4 /* Release */ = {
			isa = XCBuildConfiguration;
			buildSettings = {
				ALWAYS_SEARCH_USER_PATHS = NO;
				CLANG_ANALYZER_NONNULL = YES;
				CLANG_ANALYZER_NUMBER_OBJECT_CONVERSION = YES_AGGRESSIVE;
				CLANG_CXX_LANGUAGE_STANDARD = "gnu++17";
				CLANG_ENABLE_MODULES = YES;
				CLANG_ENABLE_OBJC_ARC = YES;
				CLANG_ENABLE_OBJC_WEAK = YES;
				CLANG_WARN_BLOCK_CAPTURE_AUTORELEASING = YES;
				CLANG_WARN_BOOL_CONVERSION = YES;
				CLANG_WARN_COMMA = YES;
				CLANG_WARN_CONSTANT_CONVERSION = YES;
				CLANG_WARN_DEPRECATED_OBJC_IMPLEMENTATIONS = YES;
				CLANG_WARN_DIRECT_OBJC_ISA_USAGE = YES_ERROR;
				CLANG_WARN_DOCUMENTATION_COMMENTS = YES;
				CLANG_WARN_EMPTY_BODY = YES;
				CLANG_WARN_ENUM_CONVERSION = YES;
				CLANG_WARN_INFINITE_RECURSION = YES;
				CLANG_WARN_INT_CONVERSION = YES;
				CLANG_WARN_NON_LITERAL_NULL_CONVERSION = YES;
				CLANG_WARN_OBJC_IMPLICIT_RETAIN_SELF = YES;
				CLANG_WARN_OBJC_LITERAL_CONVERSION = YES;
				CLANG_WARN_OBJC_ROOT_CLASS = YES_ERROR;
				CLANG_WARN_QUOTED_INCLUDE_IN_FRAMEWORK_HEADER = YES;
				CLANG_WARN_RANGE_LOOP_ANALYSIS = YES;
				CLANG_WARN_STRICT_PROTOTYPES = YES;
				CLANG_WARN_SUSPICIOUS_MOVE = YES;
				CLANG_WARN_UNGUARDED_AVAILABILITY = YES_AGGRESSIVE;
				CLANG_WARN_UNREACHABLE_CODE = YES;
				CLANG_WARN__DUPLICATE_METHOD_MATCH = YES;
				COPY_PHASE_STRIP = NO;
				DEBUG_INFORMATION_FORMAT = "dwarf-with-dsym";
				ENABLE_NS_ASSERTIONS = NO;
				ENABLE_STRICT_OBJC_MSGSEND = YES;
				GCC_C_LANGUAGE_STANDARD = gnu11;
				GCC_NO_COMMON_BLOCKS = YES;
				GCC_WARN_64_TO_32_BIT_CONVERSION = YES;
				GCC_WARN_ABOUT_RETURN_TYPE = YES_ERROR;
				GCC_WARN_UNDECLARED_SELECTOR = YES;
				GCC_WARN_UNINITIALIZED_AUTOS = YES_AGGRESSIVE;
				GCC_WARN_UNUSED_FUNCTION = YES;
				GCC_WARN_UNUSED_VARIABLE = YES;
				IPHONEOS_DEPLOYMENT_TARGET = 15.4;
				MTL_ENABLE_DEBUG_INFO = NO;
				MTL_FAST_MATH = YES;
				SDKROOT = iphoneos;
				SWIFT_COMPILATION_MODE = wholemodule;
				SWIFT_OPTIMIZATION_LEVEL = "-O";
				VALIDATE_PRODUCT = YES;
			};
			name = Release;
		};
		5C39F1E8290BC9AB00312DD4 /* Debug */ = {
			isa = XCBuildConfiguration;
			buildSettings = {
				ASSETCATALOG_COMPILER_APPICON_NAME = AppIcon;
				ASSETCATALOG_COMPILER_GLOBAL_ACCENT_COLOR_NAME = AccentColor;
				CODE_SIGN_STYLE = Automatic;
				CURRENT_PROJECT_VERSION = 1;
				DEVELOPMENT_ASSET_PATHS = "\"MySwiftUI/Preview Content\"";
				ENABLE_PREVIEWS = YES;
				GENERATE_INFOPLIST_FILE = YES;
				INFOPLIST_FILE = MySwiftUI/Info.plist;
				INFOPLIST_KEY_UIApplicationSceneManifest_Generation = YES;
				INFOPLIST_KEY_UIApplicationSupportsIndirectInputEvents = YES;
				INFOPLIST_KEY_UILaunchScreen_Generation = YES;
				INFOPLIST_KEY_UISupportedInterfaceOrientations_iPad = "UIInterfaceOrientationPortrait UIInterfaceOrientationPortraitUpsideDown UIInterfaceOrientationLandscapeLeft UIInterfaceOrientationLandscapeRight";
				INFOPLIST_KEY_UISupportedInterfaceOrientations_iPhone = "UIInterfaceOrientationPortrait UIInterfaceOrientationLandscapeLeft UIInterfaceOrientationLandscapeRight";
				LD_RUNPATH_SEARCH_PATHS = (
					"$(inherited)",
					"@executable_path/Frameworks",
				);
				MARKETING_VERSION = 1.0;
				PRODUCT_BUNDLE_IDENTIFIER = com.test.MySwiftUI;
				PRODUCT_NAME = "$(TARGET_NAME)";
				SWIFT_EMIT_LOC_STRINGS = YES;
				SWIFT_VERSION = 5.0;
				TARGETED_DEVICE_FAMILY = "1,2";
			};
			name = Debug;
		};
		5C39F1E9290BC9AB00312DD4 /* Release */ = {
			isa = XCBuildConfiguration;
			buildSettings = {
				ASSETCATALOG_COMPILER_APPICON_NAME = AppIcon;
				ASSETCATALOG_COMPILER_GLOBAL_ACCENT_COLOR_NAME = AccentColor;
				CODE_SIGN_STYLE = Automatic;
				CURRENT_PROJECT_VERSION = 1;
				DEVELOPMENT_ASSET_PATHS = "\"MySwiftUI/Preview Content\"";
				ENABLE_PREVIEWS = YES;
				GENERATE_INFOPLIST_FILE = YES;
				INFOPLIST_FILE = MySwiftUI/Info.plist;
				INFOPLIST_KEY_UIApplicationSceneManifest_Generation = YES;
				INFOPLIST_KEY_UIApplicationSupportsIndirectInputEvents = YES;
				INFOPLIST_KEY_UILaunchScreen_Generation = YES;
				INFOPLIST_KEY_UISupportedInterfaceOrientations_iPad = "UIInterfaceOrientationPortrait UIInterfaceOrientationPortraitUpsideDown UIInterfaceOrientationLandscapeLeft UIInterfaceOrientationLandscapeRight";
				INFOPLIST_KEY_UISupportedInterfaceOrientations_iPhone = "UIInterfaceOrientationPortrait UIInterfaceOrientationLandscapeLeft UIInterfaceOrientationLandscapeRight";
				LD_RUNPATH_SEARCH_PATHS = (
					"$(inherited)",
					"@executable_path/Frameworks",
				);
				MARKETING_VERSION = 1.0;
				PRODUCT_BUNDLE_IDENTIFIER = com.test.MySwiftUI;
				PRODUCT_NAME = "$(TARGET_NAME)";
				SWIFT_EMIT_LOC_STRINGS = YES;
				SWIFT_VERSION = 5.0;
				TARGETED_DEVICE_FAMILY = "1,2";
			};
			name = Release;
		};
/* End XCBuildConfiguration section */

/* Begin XCConfigurationList section */
		5C39F1D4290BC9A600312DD4 /* Build configuration list for PBXProject "MySwiftUI" */ = {
			isa = XCConfigurationList;
			buildConfigurations = (
				5C39F1E5290BC9AB00312DD4 /* Debug */,
				5C39F1E6290BC9AB00312DD4 /* Release */,
			);
			defaultConfigurationIsVisible = 0;
			defaultConfigurationName = Release;
		};
		5C39F1E7290BC9AB00312DD4 /* Build configuration list for PBXNativeTarget "MySwiftUI" */ = {
			isa = XCConfigurationList;
			buildConfigurations = (
				5C39F1E8290BC9AB00312DD4 /* Debug */,
				5C39F1E9290BC9AB00312DD4 /* Release */,
			);
			defaultConfigurationIsVisible = 0;
			defaultConfigurationName = Release;
		};
/* End XCConfigurationList section */
	};
	rootObject = 5C39F1D1290BC9A600312DD4 /* Project object */;
}
